
Microsoft Visual Studio Solution File, Format Version 12.00
# Visual Studio 2015
Project("{FAE04EC0-301F-11D3-BF4B-00C04F79EFBC}") = "OrangeBugReloaded.CSharp", "OrangeBugReloaded.CSharp.csproj", "{7D6553AB-0842-0ED4-9266-B018398FD080}"
EndProject
Project("{FAE04EC0-301F-11D3-BF4B-00C04F79EFBC}") = "OrangeBugReloaded.CSharp.Editor.Plugins", "OrangeBugReloaded.CSharp.Editor.Plugins.csproj", "{012589C9-C3E9-32C2-7964-3841F13D266E}"
EndProject
Project("{FAE04EC0-301F-11D3-BF4B-00C04F79EFBC}") = "OrangeBugReloaded.Core", "OrangeBugReloaded.Core\OrangeBugReloaded.Core\OrangeBugReloaded.Core.csproj", "{9886DADC-CD05-4286-A54C-6748AE2FDE2E}"
EndProject
Project("{FAE04EC0-301F-11D3-BF4B-00C04F79EFBC}") = "OrangeBugReloaded.Core(UWP)", "OrangeBugReloaded.Core\OrangeBugReloaded.Core(UWP)\OrangeBugReloaded.Core(UWP).csproj", "{3962E0DC-A7B7-4DF2-ABBA-A0B39DC724DB}"
EndProject
Project("{FAE04EC0-301F-11D3-BF4B-00C04F79EFBC}") = "OrangeBugReloaded.Core.Test", "OrangeBugReloaded.Core.Test\OrangeBugReloaded.Core.Test.csproj", "{1FF4BE23-809E-41AB-A221-642163085547}"
EndProject
Global
	GlobalSection(SolutionConfigurationPlatforms) = preSolution
		Debug|Any CPU = Debug|Any CPU
		Release|Any CPU = Release|Any CPU
	EndGlobalSection
	GlobalSection(ProjectConfigurationPlatforms) = postSolution
		{7D6553AB-0842-0ED4-9266-B018398FD080}.Debug|Any CPU.ActiveCfg = Debug|Any CPU
		{7D6553AB-0842-0ED4-9266-B018398FD080}.Debug|Any CPU.Build.0 = Debug|Any CPU
		{7D6553AB-0842-0ED4-9266-B018398FD080}.Release|Any CPU.ActiveCfg = Release|Any CPU
		{7D6553AB-0842-0ED4-9266-B018398FD080}.Release|Any CPU.Build.0 = Release|Any CPU
		{012589C9-C3E9-32C2-7964-3841F13D266E}.Debug|Any CPU.ActiveCfg = Debug|Any CPU
		{012589C9-C3E9-32C2-7964-3841F13D266E}.Debug|Any CPU.Build.0 = Debug|Any CPU
		{012589C9-C3E9-32C2-7964-3841F13D266E}.Release|Any CPU.ActiveCfg = Release|Any CPU
		{012589C9-C3E9-32C2-7964-3841F13D266E}.Release|Any CPU.Build.0 = Release|Any CPU
		{9886DADC-CD05-4286-A54C-6748AE2FDE2E}.Debug|Any CPU.ActiveCfg = Debug|Any CPU
		{9886DADC-CD05-4286-A54C-6748AE2FDE2E}.Debug|Any CPU.Build.0 = Debug|Any CPU
		{9886DADC-CD05-4286-A54C-6748AE2FDE2E}.Release|Any CPU.ActiveCfg = Release|Any CPU
		{9886DADC-CD05-4286-A54C-6748AE2FDE2E}.Release|Any CPU.Build.0 = Release|Any CPU
		{3962E0DC-A7B7-4DF2-ABBA-A0B39DC724DB}.Debug|Any CPU.ActiveCfg = Debug|Any CPU
		{3962E0DC-A7B7-4DF2-ABBA-A0B39DC724DB}.Debug|Any CPU.Build.0 = Debug|Any CPU
		{3962E0DC-A7B7-4DF2-ABBA-A0B39DC724DB}.Release|Any CPU.ActiveCfg = Release|Any CPU
		{3962E0DC-A7B7-4DF2-ABBA-A0B39DC724DB}.Release|Any CPU.Build.0 = Release|Any CPU
		{1FF4BE23-809E-41AB-A221-642163085547}.Debug|Any CPU.ActiveCfg = Debug|Any CPU
		{1FF4BE23-809E-41AB-A221-642163085547}.Debug|Any CPU.Build.0 = Debug|Any CPU
		{1FF4BE23-809E-41AB-A221-642163085547}.Release|Any CPU.ActiveCfg = Release|Any CPU
		{1FF4BE23-809E-41AB-A221-642163085547}.Release|Any CPU.Build.0 = Release|Any CPU
	EndGlobalSection
	GlobalSection(SolutionProperties) = preSolution
		HideSolutionNode = FALSE
	EndGlobalSection
EndGlobal
